
Microsoft Visual Studio Solution File, Format Version 12.00
# Visual Studio Version 16
VisualStudioVersion = 16.0.31402.337
MinimumVisualStudioVersion = 10.0.40219.1
Project("{FAE04EC0-301F-11D3-BF4B-00C04F79EFBC}") = "WebAppEMOO", "WebAppEMOO\WebAppEMOO.csproj", "{C59E590A-7B03-4C50-A430-3110E4C9B19C}"
EndProject
Global
	GlobalSection(SolutionConfigurationPlatforms) = preSolution
		Debug|Any CPU = Debug|Any CPU
		Release|Any CPU = Release|Any CPU
	EndGlobalSection
	GlobalSection(ProjectConfigurationPlatforms) = postSolution
		{C59E590A-7B03-4C50-A430-3110E4C9B19C}.Debug|Any CPU.ActiveCfg = Debug|Any CPU
		{C59E590A-7B03-4C50-A430-3110E4C9B19C}.Debug|Any CPU.Build.0 = Debug|Any CPU
		{C59E590A-7B03-4C50-A430-3110E4C9B19C}.Release|Any CPU.ActiveCfg = Release|Any CPU
		{C59E590A-7B03-4C50-A430-3110E4C9B19C}.Release|Any CPU.Build.0 = Release|Any CPU
	EndGlobalSection
	GlobalSection(SolutionProperties) = preSolution
		HideSolutionNode = FALSE
	EndGlobalSection
	GlobalSection(ExtensibilityGlobals) = postSolution
		SolutionGuid = {EBCF4BE0-5C3D-4BBA-98B5-759BD2BFF5DC}
	EndGlobalSection
EndGlobal
